// !$*UTF8*$!
{
	archiveVersion = 1;
	classes = {
	};
	objectVersion = 77;
	objects = {

/* Begin PBXBuildFile section */
		0518AB59FE34867C6CFDDDF0 /* ProSettingsView.swift in Sources */ = {isa = PBXBuildFile; fileRef = 3959165A86B30493F5D07144 /* ProSettingsView.swift */; };
		0A46A500B71C0F661BB10AB6 /* StorageSettingsView.swift in Sources */ = {isa = PBXBuildFile; fileRef = 3C47D1D94B14F044192A6C13 /* StorageSettingsView.swift */; };
		0C2FE06B1AE6B786D0A83697 /* HolidaySettingsView.swift in Sources */ = {isa = PBXBuildFile; fileRef = C36B9AEE154BB7F29916924B /* HolidaySettingsView.swift */; };
		100894C60318CC4C76D5372C /* EnhancementService.swift in Sources */ = {isa = PBXBuildFile; fileRef = 7FA49AFBA4385FFD46C04C9E /* EnhancementService.swift */; };
		11646834899BB9020D27312E /* Routine.swift in Sources */ = {isa = PBXBuildFile; fileRef = EF218961BEE7FEC8FC56AA80 /* Routine.swift */; };
		118696220428A34D302D270E /* EntryListView.swift in Sources */ = {isa = PBXBuildFile; fileRef = F019CD06BA322758902943F3 /* EntryListView.swift */; };
		161F015CC822D5FB784848E8 /* StorageLocation.swift in Sources */ = {isa = PBXBuildFile; fileRef = F9984BA5D0E1292D321276EA /* StorageLocation.swift */; };
		18D388E53B91459831896E6C /* ActivityView.swift in Sources */ = {isa = PBXBuildFile; fileRef = 2B334C2F1307F14E40DB4558 /* ActivityView.swift */; };
		23BFF34655884EC972AF1931 /* RemindersSettingsView.swift in Sources */ = {isa = PBXBuildFile; fileRef = 8C055701BC659AA02031AB35 /* RemindersSettingsView.swift */; };
		241A9ED6F30BC15084CC8292 /* Meetings.swift in Sources */ = {isa = PBXBuildFile; fileRef = 31ACE6E491736E68B776A2CA /* Meetings.swift */; };
		28DCFC5170E4EE1252213731 /* MenuBarView.swift in Sources */ = {isa = PBXBuildFile; fileRef = D2C9A75BF2F5858E69AB3EA6 /* MenuBarView.swift */; };
		2BD883AF3C723C7D285453C9 /* Keychain.swift in Sources */ = {isa = PBXBuildFile; fileRef = 03DCA21DD77CEF2D15D1E171 /* Keychain.swift */; };
		2F9FDE02CB0B226755E14713 /* TagChip.swift in Sources */ = {isa = PBXBuildFile; fileRef = 3DBCD4E57376D2917FCC3F0B /* TagChip.swift */; };
		3F8B3261F63602044F0D9DBC /* TrendsView.swift in Sources */ = {isa = PBXBuildFile; fileRef = A765B6334F793F14DF8EA36B /* TrendsView.swift */; };
		42D02C49545570E2605E329E /* DataStore.swift in Sources */ = {isa = PBXBuildFile; fileRef = 3F05F648BAA31CFA6D94C5CB /* DataStore.swift */; };
		51AA65E514489BBA80E9462D /* Assets.xcassets in Resources */ = {isa = PBXBuildFile; fileRef = 378D1258E031C6A23A962A43 /* Assets.xcassets */; };
		531EE7A74B081F1EB982C251 /* OnboardingView.swift in Sources */ = {isa = PBXBuildFile; fileRef = 01DF846AD5B16AE887DBB2E5 /* OnboardingView.swift */; };
		53BEB343FDE9AE69EC7B0522 /* ConfettiView.swift in Sources */ = {isa = PBXBuildFile; fileRef = B5D07C90E2DFBBCFD5D7E9AE /* ConfettiView.swift */; };
		5F49E98C97E51E11F450FE31 /* ReportExporter.swift in Sources */ = {isa = PBXBuildFile; fileRef = AA6439C8B02955BE79EE6BD4 /* ReportExporter.swift */; };
		60C35A87A9B028DDE518F74A /* ReportMarkdownBuilder.swift in Sources */ = {isa = PBXBuildFile; fileRef = 38D32BC2D7D6239DB45F10F0 /* ReportMarkdownBuilder.swift */; };
		640AD62E555648E6AD3055B2 /* StacktraceApp.swift in Sources */ = {isa = PBXBuildFile; fileRef = 6047A3C27682063E3A236CD9 /* StacktraceApp.swift */; };
		677CDA5F35BE60D8657AE1B3 /* LoginItem.swift in Sources */ = {isa = PBXBuildFile; fileRef = E66FAD97849321827CCBFB0A /* LoginItem.swift */; };
		6AB086A90D5DE0AF7471D72C /* EntryEditorView.swift in Sources */ = {isa = PBXBuildFile; fileRef = D42720143D9A85C1F4302997 /* EntryEditorView.swift */; };
		6D3FE338E42E3B3C38D518EA /* CalendarService.swift in Sources */ = {isa = PBXBuildFile; fileRef = 3421C4E616ECF84B46E67A0B /* CalendarService.swift */; };
		763B64F864087E86B13C37B5 /* SettingsView.swift in Sources */ = {isa = PBXBuildFile; fileRef = 2826AA43A0ECC89415EA47E6 /* SettingsView.swift */; };
		7CF236BC15A8F6C07A0F8C90 /* TagsSettingsView.swift in Sources */ = {isa = PBXBuildFile; fileRef = D6F587143C698A95D6581705 /* TagsSettingsView.swift */; };
		82D0E594E34FA0BDBFD886C0 /* SpellCheckTextEditor.swift in Sources */ = {isa = PBXBuildFile; fileRef = F341677A5EA6284F0E9005B9 /* SpellCheckTextEditor.swift */; };
		8470B63DA9AC22376CAE1AEF /* PDFReportGenerator.swift in Sources */ = {isa = PBXBuildFile; fileRef = 7B234934E78F46837198D113 /* PDFReportGenerator.swift */; };
		8B930E1DE986CDB3A38A89A0 /* MoodKit.swift in Sources */ = {isa = PBXBuildFile; fileRef = EF02BA1BC8B172FA05892DBA /* MoodKit.swift */; };
		8C6E0EDAA4F9E2A7C8A94E1C /* ReportView.swift in Sources */ = {isa = PBXBuildFile; fileRef = 294AAFB100356C4DCBEE1098 /* ReportView.swift */; };
		920BCB50031666E35D299D0E /* DashboardView.swift in Sources */ = {isa = PBXBuildFile; fileRef = D927D34F368390111667CB32 /* DashboardView.swift */; };
		963009917E8D2BFFEA08B464 /* CalendarSettingsView.swift in Sources */ = {isa = PBXBuildFile; fileRef = 9F3A769C19EDE4383933046D /* CalendarSettingsView.swift */; };
		99E5514DC50CB9CEC75A1441 /* AutoExport.swift in Sources */ = {isa = PBXBuildFile; fileRef = 7B0C08E06583A2947CBB29BE /* AutoExport.swift */; };
		9DD7FAA38B0E835F64E0295C /* GeneralSettingsView.swift in Sources */ = {isa = PBXBuildFile; fileRef = 66B4A456345E637AF0D5A563 /* GeneralSettingsView.swift */; };
		A0BB0CADA686A76AE1E2EA19 /* RoutinesSettingsView.swift in Sources */ = {isa = PBXBuildFile; fileRef = 8127DB32628AE7F6E01F1F11 /* RoutinesSettingsView.swift */; };
		AEE6BB124896490498548994 /* Licensing.swift in Sources */ = {isa = PBXBuildFile; fileRef = 29CF891677CDBBFF500056C3 /* Licensing.swift */; };
		B3C3D4F0D52702E8282258D2 /* ExportsView.swift in Sources */ = {isa = PBXBuildFile; fileRef = 41C384BF0ADBE6B9F12BD9C5 /* ExportsView.swift */; };
		B66FA697E6D7A49AD454C9BF /* QuickAddBar.swift in Sources */ = {isa = PBXBuildFile; fileRef = 367B3F8E44D744D5C6E05674 /* QuickAddBar.swift */; };
		BA55479BDDD9C0CD0E6C66B8 /* DateHelpers.swift in Sources */ = {isa = PBXBuildFile; fileRef = 641A4285502FA2852045C95C /* DateHelpers.swift */; };
		BE464083E90ADFBEEFCBA8C8 /* FlowLayout.swift in Sources */ = {isa = PBXBuildFile; fileRef = DE89C162EC4FB4D1F778DB34 /* FlowLayout.swift */; };
		C65D6E832E8793FC64788312 /* PrivacyInfo.xcprivacy in Resources */ = {isa = PBXBuildFile; fileRef = 55EEBD3B40F1D4545E4DB6DF /* PrivacyInfo.xcprivacy */; };
		D382505A463DF48078A0DAD9 /* NotificationManager.swift in Sources */ = {isa = PBXBuildFile; fileRef = 93371C7D3A3175672888CD59 /* NotificationManager.swift */; };
		E135CFC700A33101871F87E3 /* MeetingsView.swift in Sources */ = {isa = PBXBuildFile; fileRef = D6A50C1ADBF72463286D4F56 /* MeetingsView.swift */; };
		E1CF9460FA890FECC675D05F /* ContentView.swift in Sources */ = {isa = PBXBuildFile; fileRef = 0B7477C3F3B6E653EBDB033D /* ContentView.swift */; };
		E203C91E21EE8140A8E6FB08 /* SearchView.swift in Sources */ = {isa = PBXBuildFile; fileRef = 341DA48932786654057BF282 /* SearchView.swift */; };
		E70D181BE66227B0871502FA /* AISettingsView.swift in Sources */ = {isa = PBXBuildFile; fileRef = 0C50FF190994C2A09DF3F49A /* AISettingsView.swift */; };
		EFC563D18A38AEE1D0C1F854 /* ExportStore.swift in Sources */ = {isa = PBXBuildFile; fileRef = AABFA4F98D14DD23B7CF386D /* ExportStore.swift */; };
		F1A6DDD491A4037416E68B43 /* DaysSettingsView.swift in Sources */ = {isa = PBXBuildFile; fileRef = 207EAA17771384E5FB4B771E /* DaysSettingsView.swift */; };
		FCF7BF28DA38B3897C66A6E7 /* ReportHTMLBuilder.swift in Sources */ = {isa = PBXBuildFile; fileRef = B30D9AFA51E45D5E95E84A94 /* ReportHTMLBuilder.swift */; };
		FD7E6F97B67C8EDEF32E51DD /* WorkdayPreferences.swift in Sources */ = {isa = PBXBuildFile; fileRef = DAA4CC82AEF246B5E94FD23E /* WorkdayPreferences.swift */; };
/* End PBXBuildFile section */

/* Begin PBXFileReference section */
		01DF846AD5B16AE887DBB2E5 /* OnboardingView.swift */ = {isa = PBXFileReference; lastKnownFileType = sourcecode.swift; path = OnboardingView.swift; sourceTree = "<group>"; };
		03DCA21DD77CEF2D15D1E171 /* Keychain.swift */ = {isa = PBXFileReference; lastKnownFileType = sourcecode.swift; path = Keychain.swift; sourceTree = "<group>"; };
		0979F0291547564A526ADBC5 /* Stacktrace.entitlements */ = {isa = PBXFileReference; lastKnownFileType = text.plist.entitlements; path = Stacktrace.entitlements; sourceTree = "<group>"; };
		0B7477C3F3B6E653EBDB033D /* ContentView.swift */ = {isa = PBXFileReference; lastKnownFileType = sourcecode.swift; path = ContentView.swift; sourceTree = "<group>"; };
		0C50FF190994C2A09DF3F49A /* AISettingsView.swift */ = {isa = PBXFileReference; lastKnownFileType = sourcecode.swift; path = AISettingsView.swift; sourceTree = "<group>"; };
		207EAA17771384E5FB4B771E /* DaysSettingsView.swift */ = {isa = PBXFileReference; lastKnownFileType = sourcecode.swift; path = DaysSettingsView.swift; sourceTree = "<group>"; };
		2826AA43A0ECC89415EA47E6 /* SettingsView.swift */ = {isa = PBXFileReference; lastKnownFileType = sourcecode.swift; path = SettingsView.swift; sourceTree = "<group>"; };
		294AAFB100356C4DCBEE1098 /* ReportView.swift */ = {isa = PBXFileReference; lastKnownFileType = sourcecode.swift; path = ReportView.swift; sourceTree = "<group>"; };
		29CF891677CDBBFF500056C3 /* Licensing.swift */ = {isa = PBXFileReference; lastKnownFileType = sourcecode.swift; path = Licensing.swift; sourceTree = "<group>"; };
		2B334C2F1307F14E40DB4558 /* ActivityView.swift */ = {isa = PBXFileReference; lastKnownFileType = sourcecode.swift; path = ActivityView.swift; sourceTree = "<group>"; };
		31ACE6E491736E68B776A2CA /* Meetings.swift */ = {isa = PBXFileReference; lastKnownFileType = sourcecode.swift; path = Meetings.swift; sourceTree = "<group>"; };
		341DA48932786654057BF282 /* SearchView.swift */ = {isa = PBXFileReference; lastKnownFileType = sourcecode.swift; path = SearchView.swift; sourceTree = "<group>"; };
		3421C4E616ECF84B46E67A0B /* CalendarService.swift */ = {isa = PBXFileReference; lastKnownFileType = sourcecode.swift; path = CalendarService.swift; sourceTree = "<group>"; };
		367B3F8E44D744D5C6E05674 /* QuickAddBar.swift */ = {isa = PBXFileReference; lastKnownFileType = sourcecode.swift; path = QuickAddBar.swift; sourceTree = "<group>"; };
		378D1258E031C6A23A962A43 /* Assets.xcassets */ = {isa = PBXFileReference; lastKnownFileType = folder.assetcatalog; path = Assets.xcassets; sourceTree = "<group>"; };
		38D32BC2D7D6239DB45F10F0 /* ReportMarkdownBuilder.swift */ = {isa = PBXFileReference; lastKnownFileType = sourcecode.swift; path = ReportMarkdownBuilder.swift; sourceTree = "<group>"; };
		3959165A86B30493F5D07144 /* ProSettingsView.swift */ = {isa = PBXFileReference; lastKnownFileType = sourcecode.swift; path = ProSettingsView.swift; sourceTree = "<group>"; };
		3C47D1D94B14F044192A6C13 /* StorageSettingsView.swift */ = {isa = PBXFileReference; lastKnownFileType = sourcecode.swift; path = StorageSettingsView.swift; sourceTree = "<group>"; };
		3DBCD4E57376D2917FCC3F0B /* TagChip.swift */ = {isa = PBXFileReference; lastKnownFileType = sourcecode.swift; path = TagChip.swift; sourceTree = "<group>"; };
		3F05F648BAA31CFA6D94C5CB /* DataStore.swift */ = {isa = PBXFileReference; lastKnownFileType = sourcecode.swift; path = DataStore.swift; sourceTree = "<group>"; };
		41C384BF0ADBE6B9F12BD9C5 /* ExportsView.swift */ = {isa = PBXFileReference; lastKnownFileType = sourcecode.swift; path = ExportsView.swift; sourceTree = "<group>"; };
		55EEBD3B40F1D4545E4DB6DF /* PrivacyInfo.xcprivacy */ = {isa = PBXFileReference; path = PrivacyInfo.xcprivacy; sourceTree = "<group>"; };
		56E61916155DA276367A6DDF /* Stacktrace.app */ = {isa = PBXFileReference; explicitFileType = wrapper.application; includeInIndex = 0; path = Stacktrace.app; sourceTree = BUILT_PRODUCTS_DIR; };
		6047A3C27682063E3A236CD9 /* StacktraceApp.swift */ = {isa = PBXFileReference; lastKnownFileType = sourcecode.swift; path = StacktraceApp.swift; sourceTree = "<group>"; };
		641A4285502FA2852045C95C /* DateHelpers.swift */ = {isa = PBXFileReference; lastKnownFileType = sourcecode.swift; path = DateHelpers.swift; sourceTree = "<group>"; };
		66B4A456345E637AF0D5A563 /* GeneralSettingsView.swift */ = {isa = PBXFileReference; lastKnownFileType = sourcecode.swift; path = GeneralSettingsView.swift; sourceTree = "<group>"; };
		7B0C08E06583A2947CBB29BE /* AutoExport.swift */ = {isa = PBXFileReference; lastKnownFileType = sourcecode.swift; path = AutoExport.swift; sourceTree = "<group>"; };
		7B234934E78F46837198D113 /* PDFReportGenerator.swift */ = {isa = PBXFileReference; lastKnownFileType = sourcecode.swift; path = PDFReportGenerator.swift; sourceTree = "<group>"; };
		7FA49AFBA4385FFD46C04C9E /* EnhancementService.swift */ = {isa = PBXFileReference; lastKnownFileType = sourcecode.swift; path = EnhancementService.swift; sourceTree = "<group>"; };
		8127DB32628AE7F6E01F1F11 /* RoutinesSettingsView.swift */ = {isa = PBXFileReference; lastKnownFileType = sourcecode.swift; path = RoutinesSettingsView.swift; sourceTree = "<group>"; };
		8C055701BC659AA02031AB35 /* RemindersSettingsView.swift */ = {isa = PBXFileReference; lastKnownFileType = sourcecode.swift; path = RemindersSettingsView.swift; sourceTree = "<group>"; };
		93371C7D3A3175672888CD59 /* NotificationManager.swift */ = {isa = PBXFileReference; lastKnownFileType = sourcecode.swift; path = NotificationManager.swift; sourceTree = "<group>"; };
		9F3A769C19EDE4383933046D /* CalendarSettingsView.swift */ = {isa = PBXFileReference; lastKnownFileType = sourcecode.swift; path = CalendarSettingsView.swift; sourceTree = "<group>"; };
		A765B6334F793F14DF8EA36B /* TrendsView.swift */ = {isa = PBXFileReference; lastKnownFileType = sourcecode.swift; path = TrendsView.swift; sourceTree = "<group>"; };
		AA6439C8B02955BE79EE6BD4 /* ReportExporter.swift */ = {isa = PBXFileReference; lastKnownFileType = sourcecode.swift; path = ReportExporter.swift; sourceTree = "<group>"; };
		AABFA4F98D14DD23B7CF386D /* ExportStore.swift */ = {isa = PBXFileReference; lastKnownFileType = sourcecode.swift; path = ExportStore.swift; sourceTree = "<group>"; };
		B30D9AFA51E45D5E95E84A94 /* ReportHTMLBuilder.swift */ = {isa = PBXFileReference; lastKnownFileType = sourcecode.swift; path = ReportHTMLBuilder.swift; sourceTree = "<group>"; };
		B5D07C90E2DFBBCFD5D7E9AE /* ConfettiView.swift */ = {isa = PBXFileReference; lastKnownFileType = sourcecode.swift; path = ConfettiView.swift; sourceTree = "<group>"; };
		C36B9AEE154BB7F29916924B /* HolidaySettingsView.swift */ = {isa = PBXFileReference; lastKnownFileType = sourcecode.swift; path = HolidaySettingsView.swift; sourceTree = "<group>"; };
		D2C9A75BF2F5858E69AB3EA6 /* MenuBarView.swift */ = {isa = PBXFileReference; lastKnownFileType = sourcecode.swift; path = MenuBarView.swift; sourceTree = "<group>"; };
		D42720143D9A85C1F4302997 /* EntryEditorView.swift */ = {isa = PBXFileReference; lastKnownFileType = sourcecode.swift; path = EntryEditorView.swift; sourceTree = "<group>"; };
		D6A50C1ADBF72463286D4F56 /* MeetingsView.swift */ = {isa = PBXFileReference; lastKnownFileType = sourcecode.swift; path = MeetingsView.swift; sourceTree = "<group>"; };
		D6F587143C698A95D6581705 /* TagsSettingsView.swift */ = {isa = PBXFileReference; lastKnownFileType = sourcecode.swift; path = TagsSettingsView.swift; sourceTree = "<group>"; };
		D927D34F368390111667CB32 /* DashboardView.swift */ = {isa = PBXFileReference; lastKnownFileType = sourcecode.swift; path = DashboardView.swift; sourceTree = "<group>"; };
		DAA4CC82AEF246B5E94FD23E /* WorkdayPreferences.swift */ = {isa = PBXFileReference; lastKnownFileType = sourcecode.swift; path = WorkdayPreferences.swift; sourceTree = "<group>"; };
		DE89C162EC4FB4D1F778DB34 /* FlowLayout.swift */ = {isa = PBXFileReference; lastKnownFileType = sourcecode.swift; path = FlowLayout.swift; sourceTree = "<group>"; };
		E66FAD97849321827CCBFB0A /* LoginItem.swift */ = {isa = PBXFileReference; lastKnownFileType = sourcecode.swift; path = LoginItem.swift; sourceTree = "<group>"; };
		EF02BA1BC8B172FA05892DBA /* MoodKit.swift */ = {isa = PBXFileReference; lastKnownFileType = sourcecode.swift; path = MoodKit.swift; sourceTree = "<group>"; };
		EF218961BEE7FEC8FC56AA80 /* Routine.swift */ = {isa = PBXFileReference; lastKnownFileType = sourcecode.swift; path = Routine.swift; sourceTree = "<group>"; };
		F019CD06BA322758902943F3 /* EntryListView.swift */ = {isa = PBXFileReference; lastKnownFileType = sourcecode.swift; path = EntryListView.swift; sourceTree = "<group>"; };
		F341677A5EA6284F0E9005B9 /* SpellCheckTextEditor.swift */ = {isa = PBXFileReference; lastKnownFileType = sourcecode.swift; path = SpellCheckTextEditor.swift; sourceTree = "<group>"; };
		F9984BA5D0E1292D321276EA /* StorageLocation.swift */ = {isa = PBXFileReference; lastKnownFileType = sourcecode.swift; path = StorageLocation.swift; sourceTree = "<group>"; };
/* End PBXFileReference section */

/* Begin PBXGroup section */
		0274E802B9FDB101DD95A841 = {
			isa = PBXGroup;
			children = (
				CC963D8510C8AB3F0D95CB79 /* Stacktrace */,
				86D869D0B5B9AD570513EDC0 /* Products */,
			);
			sourceTree = "<group>";
		};
		3945C9944F409FD632FD66DA /* Utilities */ = {
			isa = PBXGroup;
			children = (
				641A4285502FA2852045C95C /* DateHelpers.swift */,
			);
			path = Utilities;
			sourceTree = "<group>";
		};
		64C41793E3CD4E8A3A1CF09A /* Views */ = {
			isa = PBXGroup;
			children = (
				2B334C2F1307F14E40DB4558 /* ActivityView.swift */,
				B5D07C90E2DFBBCFD5D7E9AE /* ConfettiView.swift */,
				0B7477C3F3B6E653EBDB033D /* ContentView.swift */,
				D927D34F368390111667CB32 /* DashboardView.swift */,
				D42720143D9A85C1F4302997 /* EntryEditorView.swift */,
				F019CD06BA322758902943F3 /* EntryListView.swift */,
				41C384BF0ADBE6B9F12BD9C5 /* ExportsView.swift */,
				DE89C162EC4FB4D1F778DB34 /* FlowLayout.swift */,
				31ACE6E491736E68B776A2CA /* Meetings.swift */,
				D6A50C1ADBF72463286D4F56 /* MeetingsView.swift */,
				D2C9A75BF2F5858E69AB3EA6 /* MenuBarView.swift */,
				EF02BA1BC8B172FA05892DBA /* MoodKit.swift */,
				01DF846AD5B16AE887DBB2E5 /* OnboardingView.swift */,
				367B3F8E44D744D5C6E05674 /* QuickAddBar.swift */,
				294AAFB100356C4DCBEE1098 /* ReportView.swift */,
				341DA48932786654057BF282 /* SearchView.swift */,
				F341677A5EA6284F0E9005B9 /* SpellCheckTextEditor.swift */,
				3DBCD4E57376D2917FCC3F0B /* TagChip.swift */,
				A765B6334F793F14DF8EA36B /* TrendsView.swift */,
				A1C7477DD5D17D978B2DEEE6 /* Settings */,
			);
			path = Views;
			sourceTree = "<group>";
		};
		86D869D0B5B9AD570513EDC0 /* Products */ = {
			isa = PBXGroup;
			children = (
				56E61916155DA276367A6DDF /* Stacktrace.app */,
			);
			name = Products;
			sourceTree = "<group>";
		};
		9D72420B738DC4AFAF0080FD /* PDF */ = {
			isa = PBXGroup;
			children = (
				7B234934E78F46837198D113 /* PDFReportGenerator.swift */,
				B30D9AFA51E45D5E95E84A94 /* ReportHTMLBuilder.swift */,
				38D32BC2D7D6239DB45F10F0 /* ReportMarkdownBuilder.swift */,
			);
			path = PDF;
			sourceTree = "<group>";
		};
		A1C7477DD5D17D978B2DEEE6 /* Settings */ = {
			isa = PBXGroup;
			children = (
				0C50FF190994C2A09DF3F49A /* AISettingsView.swift */,
				9F3A769C19EDE4383933046D /* CalendarSettingsView.swift */,
				207EAA17771384E5FB4B771E /* DaysSettingsView.swift */,
				66B4A456345E637AF0D5A563 /* GeneralSettingsView.swift */,
				C36B9AEE154BB7F29916924B /* HolidaySettingsView.swift */,
				3959165A86B30493F5D07144 /* ProSettingsView.swift */,
				8C055701BC659AA02031AB35 /* RemindersSettingsView.swift */,
				8127DB32628AE7F6E01F1F11 /* RoutinesSettingsView.swift */,
				2826AA43A0ECC89415EA47E6 /* SettingsView.swift */,
				3C47D1D94B14F044192A6C13 /* StorageSettingsView.swift */,
				D6F587143C698A95D6581705 /* TagsSettingsView.swift */,
			);
			path = Settings;
			sourceTree = "<group>";
		};
		C1834E1CEB2069BBD5F72C27 /* Models */ = {
			isa = PBXGroup;
			children = (
				7B0C08E06583A2947CBB29BE /* AutoExport.swift */,
				3421C4E616ECF84B46E67A0B /* CalendarService.swift */,
				3F05F648BAA31CFA6D94C5CB /* DataStore.swift */,
				7FA49AFBA4385FFD46C04C9E /* EnhancementService.swift */,
				AABFA4F98D14DD23B7CF386D /* ExportStore.swift */,
				03DCA21DD77CEF2D15D1E171 /* Keychain.swift */,
				29CF891677CDBBFF500056C3 /* Licensing.swift */,
				E66FAD97849321827CCBFB0A /* LoginItem.swift */,
				93371C7D3A3175672888CD59 /* NotificationManager.swift */,
				AA6439C8B02955BE79EE6BD4 /* ReportExporter.swift */,
				EF218961BEE7FEC8FC56AA80 /* Routine.swift */,
				F9984BA5D0E1292D321276EA /* StorageLocation.swift */,
				DAA4CC82AEF246B5E94FD23E /* WorkdayPreferences.swift */,
			);
			path = Models;
			sourceTree = "<group>";
		};
		CC963D8510C8AB3F0D95CB79 /* Stacktrace */ = {
			isa = PBXGroup;
			children = (
				378D1258E031C6A23A962A43 /* Assets.xcassets */,
				55EEBD3B40F1D4545E4DB6DF /* PrivacyInfo.xcprivacy */,
				0979F0291547564A526ADBC5 /* Stacktrace.entitlements */,
				6047A3C27682063E3A236CD9 /* StacktraceApp.swift */,
				C1834E1CEB2069BBD5F72C27 /* Models */,
				9D72420B738DC4AFAF0080FD /* PDF */,
				3945C9944F409FD632FD66DA /* Utilities */,
				64C41793E3CD4E8A3A1CF09A /* Views */,
			);
			path = Stacktrace;
			sourceTree = "<group>";
		};
/* End PBXGroup section */

/* Begin PBXNativeTarget section */
		195CDA16D785D404E4A8414F /* Stacktrace */ = {
			isa = PBXNativeTarget;
			buildConfigurationList = 020863A4968535F7A84A4BD4 /* Build configuration list for PBXNativeTarget "Stacktrace" */;
			buildPhases = (
				1443A7B18B880237AE532044 /* Sources */,
				68307B9373D1F3C1ADC965F9 /* Resources */,
			);
			buildRules = (
			);
			dependencies = (
			);
			name = Stacktrace;
			packageProductDependencies = (
			);
			productName = Stacktrace;
			productReference = 56E61916155DA276367A6DDF /* Stacktrace.app */;
			productType = "com.apple.product-type.application";
		};
/* End PBXNativeTarget section */

/* Begin PBXProject section */
		31B1D17614E5D32A44638C62 /* Project object */ = {
			isa = PBXProject;
			attributes = {
				BuildIndependentTargetsInParallel = YES;
				LastUpgradeCheck = 1430;
				TargetAttributes = {
					195CDA16D785D404E4A8414F = {
						ProvisioningStyle = Automatic;
					};
				};
			};
			buildConfigurationList = 390D019F792C1B87725DCC2B /* Build configuration list for PBXProject "Stacktrace" */;
			developmentRegion = en;
			hasScannedForEncodings = 0;
			knownRegions = (
				Base,
				en,
			);
			mainGroup = 0274E802B9FDB101DD95A841;
			minimizedProjectReferenceProxies = 1;
			preferredProjectObjectVersion = 77;
			productRefGroup = 86D869D0B5B9AD570513EDC0 /* Products */;
			projectDirPath = "";
			projectRoot = "";
			targets = (
				195CDA16D785D404E4A8414F /* Stacktrace */,
			);
		};
/* End PBXProject section */

/* Begin PBXResourcesBuildPhase section */
		68307B9373D1F3C1ADC965F9 /* Resources */ = {
			isa = PBXResourcesBuildPhase;
			buildActionMask = 2147483647;
			files = (
				51AA65E514489BBA80E9462D /* Assets.xcassets in Resources */,
				C65D6E832E8793FC64788312 /* PrivacyInfo.xcprivacy in Resources */,
			);
			runOnlyForDeploymentPostprocessing = 0;
		};
/* End PBXResourcesBuildPhase section */

/* Begin PBXSourcesBuildPhase section */
		1443A7B18B880237AE532044 /* Sources */ = {
			isa = PBXSourcesBuildPhase;
			buildActionMask = 2147483647;
			files = (
				E70D181BE66227B0871502FA /* AISettingsView.swift in Sources */,
				18D388E53B91459831896E6C /* ActivityView.swift in Sources */,
				99E5514DC50CB9CEC75A1441 /* AutoExport.swift in Sources */,
				6D3FE338E42E3B3C38D518EA /* CalendarService.swift in Sources */,
				963009917E8D2BFFEA08B464 /* CalendarSettingsView.swift in Sources */,
				53BEB343FDE9AE69EC7B0522 /* ConfettiView.swift in Sources */,
				E1CF9460FA890FECC675D05F /* ContentView.swift in Sources */,
				920BCB50031666E35D299D0E /* DashboardView.swift in Sources */,
				42D02C49545570E2605E329E /* DataStore.swift in Sources */,
				BA55479BDDD9C0CD0E6C66B8 /* DateHelpers.swift in Sources */,
				F1A6DDD491A4037416E68B43 /* DaysSettingsView.swift in Sources */,
				100894C60318CC4C76D5372C /* EnhancementService.swift in Sources */,
				6AB086A90D5DE0AF7471D72C /* EntryEditorView.swift in Sources */,
				118696220428A34D302D270E /* EntryListView.swift in Sources */,
				EFC563D18A38AEE1D0C1F854 /* ExportStore.swift in Sources */,
				B3C3D4F0D52702E8282258D2 /* ExportsView.swift in Sources */,
				BE464083E90ADFBEEFCBA8C8 /* FlowLayout.swift in Sources */,
				9DD7FAA38B0E835F64E0295C /* GeneralSettingsView.swift in Sources */,
				0C2FE06B1AE6B786D0A83697 /* HolidaySettingsView.swift in Sources */,
				2BD883AF3C723C7D285453C9 /* Keychain.swift in Sources */,
				AEE6BB124896490498548994 /* Licensing.swift in Sources */,
				677CDA5F35BE60D8657AE1B3 /* LoginItem.swift in Sources */,
				241A9ED6F30BC15084CC8292 /* Meetings.swift in Sources */,
				E135CFC700A33101871F87E3 /* MeetingsView.swift in Sources */,
				28DCFC5170E4EE1252213731 /* MenuBarView.swift in Sources */,
				8B930E1DE986CDB3A38A89A0 /* MoodKit.swift in Sources */,
				D382505A463DF48078A0DAD9 /* NotificationManager.swift in Sources */,
				531EE7A74B081F1EB982C251 /* OnboardingView.swift in Sources */,
				8470B63DA9AC22376CAE1AEF /* PDFReportGenerator.swift in Sources */,
				0518AB59FE34867C6CFDDDF0 /* ProSettingsView.swift in Sources */,
				B66FA697E6D7A49AD454C9BF /* QuickAddBar.swift in Sources */,
				23BFF34655884EC972AF1931 /* RemindersSettingsView.swift in Sources */,
				5F49E98C97E51E11F450FE31 /* ReportExporter.swift in Sources */,
				FCF7BF28DA38B3897C66A6E7 /* ReportHTMLBuilder.swift in Sources */,
				60C35A87A9B028DDE518F74A /* ReportMarkdownBuilder.swift in Sources */,
				8C6E0EDAA4F9E2A7C8A94E1C /* ReportView.swift in Sources */,
				11646834899BB9020D27312E /* Routine.swift in Sources */,
				A0BB0CADA686A76AE1E2EA19 /* RoutinesSettingsView.swift in Sources */,
				E203C91E21EE8140A8E6FB08 /* SearchView.swift in Sources */,
				763B64F864087E86B13C37B5 /* SettingsView.swift in Sources */,
				82D0E594E34FA0BDBFD886C0 /* SpellCheckTextEditor.swift in Sources */,
				640AD62E555648E6AD3055B2 /* StacktraceApp.swift in Sources */,
				161F015CC822D5FB784848E8 /* StorageLocation.swift in Sources */,
				0A46A500B71C0F661BB10AB6 /* StorageSettingsView.swift in Sources */,
				2F9FDE02CB0B226755E14713 /* TagChip.swift in Sources */,
				7CF236BC15A8F6C07A0F8C90 /* TagsSettingsView.swift in Sources */,
				3F8B3261F63602044F0D9DBC /* TrendsView.swift in Sources */,
				FD7E6F97B67C8EDEF32E51DD /* WorkdayPreferences.swift in Sources */,
			);
			runOnlyForDeploymentPostprocessing = 0;
		};
/* End PBXSourcesBuildPhase section */

/* Begin XCBuildConfiguration section */
		3A8A5A170A90334F70EE4D2E /* Release */ = {
			isa = XCBuildConfiguration;
			buildSettings = {
				ALWAYS_SEARCH_USER_PATHS = NO;
				CLANG_ANALYZER_NONNULL = YES;
				CLANG_ANALYZER_NUMBER_OBJECT_CONVERSION = YES_AGGRESSIVE;
				CLANG_CXX_LANGUAGE_STANDARD = "gnu++14";
				CLANG_CXX_LIBRARY = "libc++";
				CLANG_ENABLE_MODULES = YES;
				CLANG_ENABLE_OBJC_ARC = YES;
				CLANG_ENABLE_OBJC_WEAK = YES;
				CLANG_WARN_BLOCK_CAPTURE_AUTORELEASING = YES;
				CLANG_WARN_BOOL_CONVERSION = YES;
				CLANG_WARN_COMMA = YES;
				CLANG_WARN_CONSTANT_CONVERSION = YES;
				CLANG_WARN_DEPRECATED_OBJC_IMPLEMENTATIONS = YES;
				CLANG_WARN_DIRECT_OBJC_ISA_USAGE = YES_ERROR;
				CLANG_WARN_DOCUMENTATION_COMMENTS = YES;
				CLANG_WARN_EMPTY_BODY = YES;
				CLANG_WARN_ENUM_CONVERSION = YES;
				CLANG_WARN_INFINITE_RECURSION = YES;
				CLANG_WARN_INT_CONVERSION = YES;
				CLANG_WARN_NON_LITERAL_NULL_CONVERSION = YES;
				CLANG_WARN_OBJC_IMPLICIT_RETAIN_SELF = YES;
				CLANG_WARN_OBJC_LITERAL_CONVERSION = YES;
				CLANG_WARN_OBJC_ROOT_CLASS = YES_ERROR;
				CLANG_WARN_QUOTED_INCLUDE_IN_FRAMEWORK_HEADER = YES;
				CLANG_WARN_RANGE_LOOP_ANALYSIS = YES;
				CLANG_WARN_STRICT_PROTOTYPES = YES;
				CLANG_WARN_SUSPICIOUS_MOVE = YES;
				CLANG_WARN_UNGUARDED_AVAILABILITY = YES_AGGRESSIVE;
				CLANG_WARN_UNREACHABLE_CODE = YES;
				CLANG_WARN__DUPLICATE_METHOD_MATCH = YES;
				CODE_SIGN_STYLE = Automatic;
				COPY_PHASE_STRIP = NO;
				CURRENT_PROJECT_VERSION = 1;
				DEBUG_INFORMATION_FORMAT = "dwarf-with-dsym";
				ENABLE_HARDENED_RUNTIME = YES;
				ENABLE_NS_ASSERTIONS = NO;
				ENABLE_STRICT_OBJC_MSGSEND = YES;
				GCC_C_LANGUAGE_STANDARD = gnu11;
				GCC_NO_COMMON_BLOCKS = YES;
				GCC_WARN_64_TO_32_BIT_CONVERSION = YES;
				GCC_WARN_ABOUT_RETURN_TYPE = YES_ERROR;
				GCC_WARN_UNDECLARED_SELECTOR = YES;
				GCC_WARN_UNINITIALIZED_AUTOS = YES_AGGRESSIVE;
				GCC_WARN_UNUSED_FUNCTION = YES;
				GCC_WARN_UNUSED_VARIABLE = YES;
				GENERATE_INFOPLIST_FILE = YES;
				INFOPLIST_KEY_ITSAppUsesNonExemptEncryption = NO;
				INFOPLIST_KEY_LSApplicationCategoryType = "public.app-category.productivity";
				INFOPLIST_KEY_NSCalendarsFullAccessUsageDescription = "Stacktrace reads your calendar so you can reflect on the day's meetings.";
				INFOPLIST_KEY_NSCalendarsUsageDescription = "Stacktrace reads your calendar so you can reflect on the day's meetings.";
				MACOSX_DEPLOYMENT_TARGET = 14.0;
				MARKETING_VERSION = 1.0;
				MTL_ENABLE_DEBUG_INFO = NO;
				MTL_FAST_MATH = YES;
				PRODUCT_NAME = "$(TARGET_NAME)";
				SDKROOT = macosx;
				SWIFT_COMPILATION_MODE = wholemodule;
				SWIFT_OPTIMIZATION_LEVEL = "-O";
				SWIFT_VERSION = 5.0;
			};
			name = Release;
		};
		AFCCA2100E2FFE5637B7806B /* Debug */ = {
			isa = XCBuildConfiguration;
			buildSettings = {
				ALWAYS_SEARCH_USER_PATHS = NO;
				CLANG_ANALYZER_NONNULL = YES;
				CLANG_ANALYZER_NUMBER_OBJECT_CONVERSION = YES_AGGRESSIVE;
				CLANG_CXX_LANGUAGE_STANDARD = "gnu++14";
				CLANG_CXX_LIBRARY = "libc++";
				CLANG_ENABLE_MODULES = YES;
				CLANG_ENABLE_OBJC_ARC = YES;
				CLANG_ENABLE_OBJC_WEAK = YES;
				CLANG_WARN_BLOCK_CAPTURE_AUTORELEASING = YES;
				CLANG_WARN_BOOL_CONVERSION = YES;
				CLANG_WARN_COMMA = YES;
				CLANG_WARN_CONSTANT_CONVERSION = YES;
				CLANG_WARN_DEPRECATED_OBJC_IMPLEMENTATIONS = YES;
				CLANG_WARN_DIRECT_OBJC_ISA_USAGE = YES_ERROR;
				CLANG_WARN_DOCUMENTATION_COMMENTS = YES;
				CLANG_WARN_EMPTY_BODY = YES;
				CLANG_WARN_ENUM_CONVERSION = YES;
				CLANG_WARN_INFINITE_RECURSION = YES;
				CLANG_WARN_INT_CONVERSION = YES;
				CLANG_WARN_NON_LITERAL_NULL_CONVERSION = YES;
				CLANG_WARN_OBJC_IMPLICIT_RETAIN_SELF = YES;
				CLANG_WARN_OBJC_LITERAL_CONVERSION = YES;
				CLANG_WARN_OBJC_ROOT_CLASS = YES_ERROR;
				CLANG_WARN_QUOTED_INCLUDE_IN_FRAMEWORK_HEADER = YES;
				CLANG_WARN_RANGE_LOOP_ANALYSIS = YES;
				CLANG_WARN_STRICT_PROTOTYPES = YES;
				CLANG_WARN_SUSPICIOUS_MOVE = YES;
				CLANG_WARN_UNGUARDED_AVAILABILITY = YES_AGGRESSIVE;
				CLANG_WARN_UNREACHABLE_CODE = YES;
				CLANG_WARN__DUPLICATE_METHOD_MATCH = YES;
				CODE_SIGN_STYLE = Automatic;
				COPY_PHASE_STRIP = NO;
				CURRENT_PROJECT_VERSION = 1;
				DEBUG_INFORMATION_FORMAT = dwarf;
				ENABLE_HARDENED_RUNTIME = YES;
				ENABLE_STRICT_OBJC_MSGSEND = YES;
				ENABLE_TESTABILITY = YES;
				GCC_C_LANGUAGE_STANDARD = gnu11;
				GCC_DYNAMIC_NO_PIC = NO;
				GCC_NO_COMMON_BLOCKS = YES;
				GCC_OPTIMIZATION_LEVEL = 0;
				GCC_PREPROCESSOR_DEFINITIONS = (
					"$(inherited)",
					"DEBUG=1",
				);
				GCC_WARN_64_TO_32_BIT_CONVERSION = YES;
				GCC_WARN_ABOUT_RETURN_TYPE = YES_ERROR;
				GCC_WARN_UNDECLARED_SELECTOR = YES;
				GCC_WARN_UNINITIALIZED_AUTOS = YES_AGGRESSIVE;
				GCC_WARN_UNUSED_FUNCTION = YES;
				GCC_WARN_UNUSED_VARIABLE = YES;
				GENERATE_INFOPLIST_FILE = YES;
				INFOPLIST_KEY_ITSAppUsesNonExemptEncryption = NO;
				INFOPLIST_KEY_LSApplicationCategoryType = "public.app-category.productivity";
				INFOPLIST_KEY_NSCalendarsFullAccessUsageDescription = "Stacktrace reads your calendar so you can reflect on the day's meetings.";
				INFOPLIST_KEY_NSCalendarsUsageDescription = "Stacktrace reads your calendar so you can reflect on the day's meetings.";
				MACOSX_DEPLOYMENT_TARGET = 14.0;
				MARKETING_VERSION = 1.0;
				MTL_ENABLE_DEBUG_INFO = INCLUDE_SOURCE;
				MTL_FAST_MATH = YES;
				ONLY_ACTIVE_ARCH = YES;
				PRODUCT_NAME = "$(TARGET_NAME)";
				SDKROOT = macosx;
				SWIFT_ACTIVE_COMPILATION_CONDITIONS = DEBUG;
				SWIFT_OPTIMIZATION_LEVEL = "-Onone";
				SWIFT_VERSION = 5.0;
			};
			name = Debug;
		};
		D96E16A7107C7765FA1C3DFB /* Release */ = {
			isa = XCBuildConfiguration;
			buildSettings = {
				ASSETCATALOG_COMPILER_APPICON_NAME = AppIcon;
				CODE_SIGN_ENTITLEMENTS = Stacktrace/Stacktrace.entitlements;
				COMBINE_HIDPI_IMAGES = YES;
				INFOPLIST_KEY_CFBundleDisplayName = Stacktrace;
				INFOPLIST_KEY_NSHumanReadableCopyright = "Copyright © 2026 Willem Poortman";
				LD_RUNPATH_SEARCH_PATHS = (
					"$(inherited)",
					"@executable_path/../Frameworks",
				);
				PRODUCT_BUNDLE_IDENTIFIER = io.github.wpoortman.stacktrace;
				PRODUCT_NAME = Stacktrace;
				SDKROOT = macosx;
			};
			name = Release;
		};
		DA356FAD160794999E680921 /* Debug */ = {
			isa = XCBuildConfiguration;
			buildSettings = {
				ASSETCATALOG_COMPILER_APPICON_NAME = AppIcon;
				CODE_SIGN_ENTITLEMENTS = Stacktrace/Stacktrace.entitlements;
				COMBINE_HIDPI_IMAGES = YES;
				INFOPLIST_KEY_CFBundleDisplayName = Stacktrace;
				INFOPLIST_KEY_NSHumanReadableCopyright = "Copyright © 2026 Willem Poortman";
				LD_RUNPATH_SEARCH_PATHS = (
					"$(inherited)",
					"@executable_path/../Frameworks",
				);
				PRODUCT_BUNDLE_IDENTIFIER = io.github.wpoortman.stacktrace;
				PRODUCT_NAME = Stacktrace;
				SDKROOT = macosx;
			};
			name = Debug;
		};
/* End XCBuildConfiguration section */

/* Begin XCConfigurationList section */
		020863A4968535F7A84A4BD4 /* Build configuration list for PBXNativeTarget "Stacktrace" */ = {
			isa = XCConfigurationList;
			buildConfigurations = (
				DA356FAD160794999E680921 /* Debug */,
				D96E16A7107C7765FA1C3DFB /* Release */,
			);
			defaultConfigurationIsVisible = 0;
			defaultConfigurationName = Debug;
		};
		390D019F792C1B87725DCC2B /* Build configuration list for PBXProject "Stacktrace" */ = {
			isa = XCConfigurationList;
			buildConfigurations = (
				AFCCA2100E2FFE5637B7806B /* Debug */,
				3A8A5A170A90334F70EE4D2E /* Release */,
			);
			defaultConfigurationIsVisible = 0;
			defaultConfigurationName = Debug;
		};
/* End XCConfigurationList section */
	};
	rootObject = 31B1D17614E5D32A44638C62 /* Project object */;
}
